// !$*UTF8*$!
{
	archiveVersion = 1;
	classes = {
	};
	objectVersion = 46;
	objects = {

/* Begin PBXBuildFile section */
		EA9E16B11EA025030010CA6C /* AppDelegate.swift in Sources */ = {isa = PBXBuildFile; fileRef = EA9E16B01EA025030010CA6C /* AppDelegate.swift */; };
		EA9E16B31EA025030010CA6C /* ViewController.swift in Sources */ = {isa = PBXBuildFile; fileRef = EA9E16B21EA025030010CA6C /* ViewController.swift */; };
		EA9E16B61EA025030010CA6C /* Main.storyboard in Resources */ = {isa = PBXBuildFile; fileRef = EA9E16B41EA025030010CA6C /* Main.storyboard */; };
		EA9E16B81EA025030010CA6C /* Assets.xcassets in Resources */ = {isa = PBXBuildFile; fileRef = EA9E16B71EA025030010CA6C /* Assets.xcassets */; };
		EA9E16BB1EA025030010CA6C /* LaunchScreen.storyboard in Resources */ = {isa = PBXBuildFile; fileRef = EA9E16B91EA025030010CA6C /* LaunchScreen.storyboard */; };
		EA9E16C51EA090650010CA6C /* CalculatorBrain.swift in Sources */ = {isa = PBXBuildFile; fileRef = EA9E16C41EA090650010CA6C /* CalculatorBrain.swift */; };
/* End PBXBuildFile section */

/* Begin PBXFileReference section */
		EA9E16AD1EA025020010CA6C /* Calculator.app */ = {isa = PBXFileReference; explicitFileType = wrapper.application; includeInIndex = 0; path = Calculator.app; sourceTree = BUILT_PRODUCTS_DIR; };
		EA9E16B01EA025030010CA6C /* AppDelegate.swift */ = {isa = PBXFileReference; lastKnownFileType = sourcecode.swift; path = AppDelegate.swift; sourceTree = "<group>"; };
		EA9E16B21EA025030010CA6C /* ViewController.swift */ = {isa = PBXFileReference; lastKnownFileType = sourcecode.swift; path = ViewController.swift; sourceTree = "<group>"; };
		EA9E16B51EA025030010CA6C /* Base */ = {isa = PBXFileReference; lastKnownFileType = file.storyboard; name = Base; path = Base.lproj/Main.storyboard; sourceTree = "<group>"; };
		EA9E16B71EA025030010CA6C /* Assets.xcassets */ = {isa = PBXFileReference; lastKnownFileType = folder.assetcatalog; path = Assets.xcassets; sourceTree = "<group>"; };
		EA9E16BA1EA025030010CA6C /* Base */ = {isa = PBXFileReference; lastKnownFileType = file.storyboard; name = Base; path = Base.lproj/LaunchScreen.storyboard; sourceTree = "<group>"; };
		EA9E16BC1EA025030010CA6C /* Info.plist */ = {isa = PBXFileReference; lastKnownFileType = text.plist.xml; path = Info.plist; sourceTree = "<group>"; };
		EA9E16C41EA090650010CA6C /* CalculatorBrain.swift */ = {isa = PBXFileReference; fileEncoding = 4; lastKnownFileType = sourcecode.swift; path = CalculatorBrain.swift; sourceTree = "<group>"; };
/* End PBXFileReference section */

/* Begin PBXFrameworksBuildPhase section */
		EA9E16AA1EA025020010CA6C /* Frameworks */ = {
			isa = PBXFrameworksBuildPhase;
			buildActionMask = 2147483647;
			files = (
			);
			runOnlyForDeploymentPostprocessing = 0;
		};
/* End PBXFrameworksBuildPhase section */

/* Begin PBXGroup section */
		EA9E16A41EA025020010CA6C = {
			isa = PBXGroup;
			children = (
				EA9E16AF1EA025020010CA6C /* Calculator */,
				EA9E16AE1EA025020010CA6C /* Products */,
			);
			sourceTree = "<group>";
		};
		EA9E16AE1EA025020010CA6C /* Products */ = {
			isa = PBXGroup;
			children = (
				EA9E16AD1EA025020010CA6C /* Calculator.app */,
			);
			name = Products;
			sourceTree = "<group>";
		};
		EA9E16AF1EA025020010CA6C /* Calculator */ = {
			isa = PBXGroup;
			children = (
				EA9E16B21EA025030010CA6C /* ViewController.swift */,
				EA9E16B41EA025030010CA6C /* Main.storyboard */,
				EA9E16C41EA090650010CA6C /* CalculatorBrain.swift */,
				EA9E16C31EA026950010CA6C /* Supporting Files */,
			);
			path = Calculator;
			sourceTree = "<group>";
		};
		EA9E16C31EA026950010CA6C /* Supporting Files */ = {
			isa = PBXGroup;
			children = (
				EA9E16B01EA025030010CA6C /* AppDelegate.swift */,
				EA9E16B71EA025030010CA6C /* Assets.xcassets */,
				EA9E16B91EA025030010CA6C /* LaunchScreen.storyboard */,
				EA9E16BC1EA025030010CA6C /* Info.plist */,
			);
			name = "Supporting Files";
			sourceTree = "<group>";
		};
/* End PBXGroup section */

/* Begin PBXNativeTarget section */
		EA9E16AC1EA025020010CA6C /* Calculator */ = {
			isa = PBXNativeTarget;
			buildConfigurationList = EA9E16BF1EA025030010CA6C /* Build configuration list for PBXNativeTarget "Calculator" */;
			buildPhases = (
				EA9E16A91EA025020010CA6C /* Sources */,
				EA9E16AA1EA025020010CA6C /* Frameworks */,
				EA9E16AB1EA025020010CA6C /* Resources */,
			);
			buildRules = (
			);
			dependencies = (
			);
			name = Calculator;
			productName = Calculator;
			productReference = EA9E16AD1EA025020010CA6C /* Calculator.app */;
			productType = "com.apple.product-type.application";
		};
/* End PBXNativeTarget section */

/* Begin PBXProject section */
		EA9E16A51EA025020010CA6C /* Project object */ = {
			isa = PBXProject;
			attributes = {
				LastSwiftUpdateCheck = 0830;
				LastUpgradeCheck = 0830;
				ORGANIZATIONNAME = "Rajdeep Sharma";
				TargetAttributes = {
					EA9E16AC1EA025020010CA6C = {
						CreatedOnToolsVersion = 8.3.1;
						DevelopmentTeam = 5H69DZQ9JR;
						ProvisioningStyle = Automatic;
					};
				};
			};
			buildConfigurationList = EA9E16A81EA025020010CA6C /* Build configuration list for PBXProject "Calculator" */;
			compatibilityVersion = "Xcode 3.2";
			developmentRegion = English;
			hasScannedForEncodings = 0;
			knownRegions = (
				en,
				Base,
			);
			mainGroup = EA9E16A41EA025020010CA6C;
			productRefGroup = EA9E16AE1EA025020010CA6C /* Products */;
			projectDirPath = "";
			projectRoot = "";
			targets = (
				EA9E16AC1EA025020010CA6C /* Calculator */,
			);
		};
/* End PBXProject section */

/* Begin PBXResourcesBuildPhase section */
		EA9E16AB1EA025020010CA6C /* Resources */ = {
			isa = PBXResourcesBuildPhase;
			buildActionMask = 2147483647;
			files = (
				EA9E16BB1EA025030010CA6C /* LaunchScreen.storyboard in Resources */,
				EA9E16B81EA025030010CA6C /* Assets.xcassets in Resources */,
				EA9E16B61EA025030010CA6C /* Main.storyboard in Resources */,
			);
			runOnlyForDeploymentPostprocessing = 0;
		};
/* End PBXResourcesBuildPhase section */

/* Begin PBXSourcesBuildPhase section */
		EA9E16A91EA025020010CA6C /* Sources */ = {
			isa = PBXSourcesBuildPhase;
			buildActionMask = 2147483647;
			files = (
				EA9E16C51EA090650010CA6C /* CalculatorBrain.swift in Sources */,
				EA9E16B31EA025030010CA6C /* ViewController.swift in Sources */,
				EA9E16B11EA025030010CA6C /* AppDelegate.swift in Sources */,
			);
			runOnlyForDeploymentPostprocessing = 0;
		};
/* End PBXSourcesBuildPhase section */

/* Begin PBXVariantGroup section */
		EA9E16B41EA025030010CA6C /* Main.storyboard */ = {
			isa = PBXVariantGroup;
			children = (
				EA9E16B51EA025030010CA6C /* Base */,
			);
			name = Main.storyboard;
			sourceTree = "<group>";
		};
		EA9E16B91EA025030010CA6C /* LaunchScreen.storyboard */ = {
			isa = PBXVariantGroup;
			children = (
				EA9E16BA1EA025030010CA6C /* Base */,
			);
			name = LaunchScreen.storyboard;
			sourceTree = "<group>";
		};
/* End PBXVariantGroup section */

/* Begin XCBuildConfiguration section */
		EA9E16BD1EA025030010CA6C /* Debug */ = {
			isa = XCBuildConfiguration;
			buildSettings = {
				ALWAYS_SEARCH_USER_PATHS = NO;
				CLANG_ANALYZER_NONNULL = YES;
				CLANG_ANALYZER_NUMBER_OBJECT_CONVERSION = YES_AGGRESSIVE;
				CLANG_CXX_LANGUAGE_STANDARD = "gnu++0x";
				CLANG_CXX_LIBRARY = "libc++";
				CLANG_ENABLE_MODULES = YES;
				CLANG_ENABLE_OBJC_ARC = YES;
				CLANG_WARN_BOOL_CONVERSION = YES;
				CLANG_WARN_CONSTANT_CONVERSION = YES;
				CLANG_WARN_DIRECT_OBJC_ISA_USAGE = YES_ERROR;
				CLANG_WARN_DOCUMENTATION_COMMENTS = YES;
				CLANG_WARN_EMPTY_BODY = YES;
				CLANG_WARN_ENUM_CONVERSION = YES;
				CLANG_WARN_INFINITE_RECURSION = YES;
				CLANG_WARN_INT_CONVERSION = YES;
				CLANG_WARN_OBJC_ROOT_CLASS = YES_ERROR;
				CLANG_WARN_SUSPICIOUS_MOVE = YES;
				CLANG_WARN_UNREACHABLE_CODE = YES;
				CLANG_WARN__DUPLICATE_METHOD_MATCH = YES;
				"CODE_SIGN_IDENTITY[sdk=iphoneos*]" = "iPhone Developer";
				COPY_PHASE_STRIP = NO;
				DEBUG_INFORMATION_FORMAT = dwarf;
				ENABLE_STRICT_OBJC_MSGSEND = YES;
				ENABLE_TESTABILITY = YES;
				GCC_C_LANGUAGE_STANDARD = gnu99;
				GCC_DYNAMIC_NO_PIC = NO;
				GCC_NO_COMMON_BLOCKS = YES;
				GCC_OPTIMIZATION_LEVEL = 0;
				GCC_PREPROCESSOR_DEFINITIONS = (
					"DEBUG=1",
					"$(inherited)",
				);
				GCC_WARN_64_TO_32_BIT_CONVERSION = YES;
				GCC_WARN_ABOUT_RETURN_TYPE = YES_ERROR;
				GCC_WARN_UNDECLARED_SELECTOR = YES;
				GCC_WARN_UNINITIALIZED_AUTOS = YES_AGGRESSIVE;
				GCC_WARN_UNUSED_FUNCTION = YES;
				GCC_WARN_UNUSED_VARIABLE = YES;
				IPHONEOS_DEPLOYMENT_TARGET = 10.3;
				MTL_ENABLE_DEBUG_INFO = YES;
				ONLY_ACTIVE_ARCH = YES;
				SDKROOT = iphoneos;
				SWIFT_ACTIVE_COMPILATION_CONDITIONS = DEBUG;
				SWIFT_OPTIMIZATION_LEVEL = "-Onone";
				TARGETED_DEVICE_FAMILY = "1,2";
			};
			name = Debug;
		};
		EA9E16BE1EA025030010CA6C /* Release */ = {
			isa = XCBuildConfiguration;
			buildSettings = {
				ALWAYS_SEARCH_USER_PATHS = NO;
				CLANG_ANALYZER_NONNULL = YES;
				CLANG_ANALYZER_NUMBER_OBJECT_CONVERSION = YES_AGGRESSIVE;
				CLANG_CXX_LANGUAGE_STANDARD = "gnu++0x";
				CLANG_CXX_LIBRARY = "libc++";
				CLANG_ENABLE_MODULES = YES;
				CLANG_ENABLE_OBJC_ARC = YES;
				CLANG_WARN_BOOL_CONVERSION = YES;
				CLANG_WARN_CONSTANT_CONVERSION = YES;
				CLANG_WARN_DIRECT_OBJC_ISA_USAGE = YES_ERROR;
				CLANG_WARN_DOCUMENTATION_COMMENTS = YES;
				CLANG_WARN_EMPTY_BODY = YES;
				CLANG_WARN_ENUM_CONVERSION = YES;
				CLANG_WARN_INFINITE_RECURSION = YES;
				CLANG_WARN_INT_CONVERSION = YES;
				CLANG_WARN_OBJC_ROOT_CLASS = YES_ERROR;
				CLANG_WARN_SUSPICIOUS_MOVE = YES;
				CLANG_WARN_UNREACHABLE_CODE = YES;
				CLANG_WARN__DUPLICATE_METHOD_MATCH = YES;
				"CODE_SIGN_IDENTITY[sdk=iphoneos*]" = "iPhone Developer";
				COPY_PHASE_STRIP = NO;
				DEBUG_INFORMATION_FORMAT = "dwarf-with-dsym";
				ENABLE_NS_ASSERTIONS = NO;
				ENABLE_STRICT_OBJC_MSGSEND = YES;
				GCC_C_LANGUAGE_STANDARD = gnu99;
				GCC_NO_COMMON_BLOCKS = YES;
				GCC_WARN_64_TO_32_BIT_CONVERSION = YES;
				GCC_WARN_ABOUT_RETURN_TYPE = YES_ERROR;
				GCC_WARN_UNDECLARED_SELECTOR = YES;
				GCC_WARN_UNINITIALIZED_AUTOS = YES_AGGRESSIVE;
				GCC_WARN_UNUSED_FUNCTION = YES;
				GCC_WARN_UNUSED_VARIABLE = YES;
				IPHONEOS_DEPLOYMENT_TARGET = 10.3;
				MTL_ENABLE_DEBUG_INFO = NO;
				SDKROOT = iphoneos;
				SWIFT_OPTIMIZATION_LEVEL = "-Owholemodule";
				TARGETED_DEVICE_FAMILY = "1,2";
				VALIDATE_PRODUCT = YES;
			};
			name = Release;
		};
		EA9E16C01EA025030010CA6C /* Debug */ = {
			isa = XCBuildConfiguration;
			buildSettings = {
				ASSETCATALOG_COMPILER_APPICON_NAME = AppIcon;
				DEVELOPMENT_TEAM = 5H69DZQ9JR;
				INFOPLIST_FILE = Calculator/Info.plist;
				LD_RUNPATH_SEARCH_PATHS = "$(inherited) @executable_path/Frameworks";
				PRODUCT_BUNDLE_IDENTIFIER = com.buggydebugger.Calculator;
				PRODUCT_NAME = "$(TARGET_NAME)";
				SWIFT_VERSION = 3.0;
			};
			name = Debug;
		};
		EA9E16C11EA025030010CA6C /* Release */ = {
			isa = XCBuildConfiguration;
			buildSettings = {
				ASSETCATALOG_COMPILER_APPICON_NAME = AppIcon;
				DEVELOPMENT_TEAM = 5H69DZQ9JR;
				INFOPLIST_FILE = Calculator/Info.plist;
				LD_RUNPATH_SEARCH_PATHS = "$(inherited) @executable_path/Frameworks";
				PRODUCT_BUNDLE_IDENTIFIER = com.buggydebugger.Calculator;
				PRODUCT_NAME = "$(TARGET_NAME)";
				SWIFT_VERSION = 3.0;
			};
			name = Release;
		};
/* End XCBuildConfiguration section */

/* Begin XCConfigurationList section */
		EA9E16A81EA025020010CA6C /* Build configuration list for PBXProject "Calculator" */ = {
			isa = XCConfigurationList;
			buildConfigurations = (
				EA9E16BD1EA025030010CA6C /* Debug */,
				EA9E16BE1EA025030010CA6C /* Release */,
			);
			defaultConfigurationIsVisible = 0;
			defaultConfigurationName = Release;
		};
		EA9E16BF1EA025030010CA6C /* Build configuration list for PBXNativeTarget "Calculator" */ = {
			isa = XCConfigurationList;
			buildConfigurations = (
				EA9E16C01EA025030010CA6C /* Debug */,
				EA9E16C11EA025030010CA6C /* Release */,
			);
			defaultConfigurationIsVisible = 0;
		};
/* End XCConfigurationList section */
	};
	rootObject = EA9E16A51EA025020010CA6C /* Project object */;
}
